
Microsoft Visual Studio Solution File, Format Version 12.00
# Visual Studio Version 17
VisualStudioVersion = 17.13.35931.197 d17.13
MinimumVisualStudioVersion = 10.0.40219.1
Project("{FAE04EC0-301F-11D3-BF4B-00C04F79EFBC}") = "FamilyBudgeter.API", "FamilyBudgeter.API\FamilyBudgeter.API.csproj", "{1A05578B-4B52-46DE-BAEF-63CC94D4BF1D}"
EndProject
Global
	GlobalSection(SolutionConfigurationPlatforms) = preSolution
		Debug|Any CPU = Debug|Any CPU
		Release|Any CPU = Release|Any CPU
	EndGlobalSection
	GlobalSection(ProjectConfigurationPlatforms) = postSolution
		{1A05578B-4B52-46DE-BAEF-63CC94D4BF1D}.Debug|Any CPU.ActiveCfg = Debug|Any CPU
		{1A05578B-4B52-46DE-BAEF-63CC94D4BF1D}.Debug|Any CPU.Build.0 = Debug|Any CPU
		{1A05578B-4B52-46DE-BAEF-63CC94D4BF1D}.Release|Any CPU.ActiveCfg = Release|Any CPU
		{1A05578B-4B52-46DE-BAEF-63CC94D4BF1D}.Release|Any CPU.Build.0 = Release|Any CPU
	EndGlobalSection
	GlobalSection(SolutionProperties) = preSolution
		HideSolutionNode = FALSE
	EndGlobalSection
	GlobalSection(ExtensibilityGlobals) = postSolution
		SolutionGuid = {F6974C84-A580-4FF6-803C-C4D5BE4DC0F4}
	EndGlobalSection
EndGlobal
